{
  "name": "new-project",
  "lockfileVersion": 2,
  "requires": true,
  "packages": {
    "": {
      "name": "new-project",
      "dependencies": {
        "io": "^1.3.2",
        "lib": "latest"
      }
    },
    "node_modules/io": {
      "version": "1.3.2",
      "resolved": "https://registry.npmjs.org/io/-/io-1.3.2.tgz",
      "integrity": "sha512-LPdyMRSOTEUOjs/HZtxxDM0S+tPa4Epfy/vXVvwTUXswd6w4q+ZoHPOF1D2d/4ZliRwUG1UoWdTcS1BG1m6nHQ==",
      "dependencies": {
        "mime": "^3.0.0"
      }
    },
    "node_modules/lib": {
      "version": "5.0.1",
      "resolved": "https://registry.npmjs.org/lib/-/lib-5.0.1.tgz",
      "integrity": "sha512-4Mqauzg2j7F0n7Qy9acFuAUeyYa+TGy6kjTCxzxX1HiHxzQkqw49eDWiK4Zmr023GG/6Yq5DZi15kQDhdO3BVg==",
      "engines": {
        "node": ">=4.0.0"
      }
    },
    "node_modules/mime": {
      "version": "3.0.0",
      "resolved": "https://registry.npmjs.org/mime/-/mime-3.0.0.tgz",
      "integrity": "sha512-jSCU7/VB1loIWBZe14aEYHU/+1UMEHoaO7qxCOVJOw9GgH72VAWppxNcjU+x9a2k3GSIBXNKxXQFqRvvZ7vr3A==",
      "bin": {
        "mime": "cli.js"
      },
      "engines": {
        "node": ">=10.0.0"
      }
    }
  },
  "dependencies": {
    "io": {
      "version": "1.3.2",
      "resolved": "https://registry.npmjs.org/io/-/io-1.3.2.tgz",
      "integrity": "sha512-LPdyMRSOTEUOjs/HZtxxDM0S+tPa4Epfy/vXVvwTUXswd6w4q+ZoHPOF1D2d/4ZliRwUG1UoWdTcS1BG1m6nHQ==",
      "requires": {
        "mime": "^3.0.0"
      }
    },
    "lib": {
      "version": "5.0.1",
      "resolved": "https://registry.npmjs.org/lib/-/lib-5.0.1.tgz",
      "integrity": "sha512-4Mqauzg2j7F0n7Qy9acFuAUeyYa+TGy6kjTCxzxX1HiHxzQkqw49eDWiK4Zmr023GG/6Yq5DZi15kQDhdO3BVg=="
    },
    "mime": {
      "version": "3.0.0",
      "resolved": "https://registry.npmjs.org/mime/-/mime-3.0.0.tgz",
      "integrity": "sha512-jSCU7/VB1loIWBZe14aEYHU/+1UMEHoaO7qxCOVJOw9GgH72VAWppxNcjU+x9a2k3GSIBXNKxXQFqRvvZ7vr3A=="
    }
  }
}
